
Microsoft Visual Studio Solution File, Format Version 12.00
# Visual Studio 15
VisualStudioVersion = 15.0.27703.2026
MinimumVisualStudioVersion = 10.0.40219.1
Project("{FAE04EC0-301F-11D3-BF4B-00C04F79EFBC}") = "EVEStandard.ASPNETCoreSample", "EVEStandard.ASPNETCoreSample\EVEStandard.ASPNETCoreSample.csproj", "{06D1B010-F488-45EC-912C-6D4DC09B229D}"
EndProject
Global
	GlobalSection(SolutionConfigurationPlatforms) = preSolution
		Debug|Any CPU = Debug|Any CPU
		Release|Any CPU = Release|Any CPU
	EndGlobalSection
	GlobalSection(ProjectConfigurationPlatforms) = postSolution
		{06D1B010-F488-45EC-912C-6D4DC09B229D}.Debug|Any CPU.ActiveCfg = Debug|Any CPU
		{06D1B010-F488-45EC-912C-6D4DC09B229D}.Debug|Any CPU.Build.0 = Debug|Any CPU
		{06D1B010-F488-45EC-912C-6D4DC09B229D}.Release|Any CPU.ActiveCfg = Release|Any CPU
		{06D1B010-F488-45EC-912C-6D4DC09B229D}.Release|Any CPU.Build.0 = Release|Any CPU
	EndGlobalSection
	GlobalSection(SolutionProperties) = preSolution
		HideSolutionNode = FALSE
	EndGlobalSection
	GlobalSection(ExtensibilityGlobals) = postSolution
		SolutionGuid = {38F56E3C-44C5-401F-BDE2-2844FD58A84C}
	EndGlobalSection
EndGlobal
